// !$*UTF8*$!
{
	archiveVersion = 1;
	classes = {
	};
	objectVersion = 46;
	objects = {

/* Begin PBXBuildFile section */
		4C0721831AFA15A600CCFD3E /* MCInputLabel.m in Sources */ = {isa = PBXBuildFile; fileRef = 4C07217C1AFA15A600CCFD3E /* MCInputLabel.m */; };
		4C0721841AFA15A600CCFD3E /* MCLineLabel.m in Sources */ = {isa = PBXBuildFile; fileRef = 4C07217E1AFA15A600CCFD3E /* MCLineLabel.m */; };
		4C0721851AFA15A600CCFD3E /* MCRemindEditView.m in Sources */ = {isa = PBXBuildFile; fileRef = 4C0721801AFA15A600CCFD3E /* MCRemindEditView.m */; };
		4C0721861AFA15A600CCFD3E /* MCTextField.m in Sources */ = {isa = PBXBuildFile; fileRef = 4C0721821AFA15A600CCFD3E /* MCTextField.m */; };
		4C8929761AF8A09700A8CF3C /* MCTextView.m in Sources */ = {isa = PBXBuildFile; fileRef = 4C8929751AF8A09700A8CF3C /* MCTextView.m */; };
		4C89297A1AF8C6B300A8CF3C /* MCViewController.m in Sources */ = {isa = PBXBuildFile; fileRef = 4C8929791AF8C6B300A8CF3C /* MCViewController.m */; };
		4C89297D1AF8C6CA00A8CF3C /* MCNavigationController.m in Sources */ = {isa = PBXBuildFile; fileRef = 4C89297C1AF8C6CA00A8CF3C /* MCNavigationController.m */; };
		4C8929801AF8C6DE00A8CF3C /* MCTableViewController.m in Sources */ = {isa = PBXBuildFile; fileRef = 4C89297F1AF8C6DE00A8CF3C /* MCTableViewController.m */; };
		4C8929831AF8C6F700A8CF3C /* MCTabBarController.m in Sources */ = {isa = PBXBuildFile; fileRef = 4C8929821AF8C6F700A8CF3C /* MCTabBarController.m */; };
		4C8929861AF8C70700A8CF3C /* MCCollectionViewController.m in Sources */ = {isa = PBXBuildFile; fileRef = 4C8929851AF8C70700A8CF3C /* MCCollectionViewController.m */; };
		4CF397EF1AFB2E2300449507 /* MCDottedLineView.m in Sources */ = {isa = PBXBuildFile; fileRef = 4CF397EC1AFB2E2300449507 /* MCDottedLineView.m */; };
		4CF397F01AFB2E2300449507 /* MCLineView.m in Sources */ = {isa = PBXBuildFile; fileRef = 4CF397EE1AFB2E2300449507 /* MCLineView.m */; };
		4CFFD93F1B1D9A18002F3786 /* Note.m in Sources */ = {isa = PBXBuildFile; fileRef = 4CFFD93C1B1D9A18002F3786 /* Note.m */; };
		4CFFD9401B1D9A18002F3786 /* StartUp.m in Sources */ = {isa = PBXBuildFile; fileRef = 4CFFD93E1B1D9A18002F3786 /* StartUp.m */; };
		4CFFD9451B1D9A26002F3786 /* NoteManager.m in Sources */ = {isa = PBXBuildFile; fileRef = 4CFFD9421B1D9A26002F3786 /* NoteManager.m */; };
		4CFFD9461B1D9A26002F3786 /* SQLiteHelper.m in Sources */ = {isa = PBXBuildFile; fileRef = 4CFFD9441B1D9A26002F3786 /* SQLiteHelper.m */; };
		4CFFD9541B1D9A3D002F3786 /* FMDatabase.m in Sources */ = {isa = PBXBuildFile; fileRef = 4CFFD94A1B1D9A3D002F3786 /* FMDatabase.m */; };
		4CFFD9551B1D9A3D002F3786 /* FMDatabaseAdditions.m in Sources */ = {isa = PBXBuildFile; fileRef = 4CFFD94C1B1D9A3D002F3786 /* FMDatabaseAdditions.m */; };
		4CFFD9561B1D9A3D002F3786 /* FMDatabasePool.m in Sources */ = {isa = PBXBuildFile; fileRef = 4CFFD94E1B1D9A3D002F3786 /* FMDatabasePool.m */; };
		4CFFD9571B1D9A3D002F3786 /* FMDatabaseQueue.m in Sources */ = {isa = PBXBuildFile; fileRef = 4CFFD9501B1D9A3D002F3786 /* FMDatabaseQueue.m */; };
		4CFFD9581B1D9A3D002F3786 /* FMResultSet.m in Sources */ = {isa = PBXBuildFile; fileRef = 4CFFD9531B1D9A3D002F3786 /* FMResultSet.m */; };
		4CFFD95B1B1DAAF2002F3786 /* Note.sqlite in Resources */ = {isa = PBXBuildFile; fileRef = 4CFFD95A1B1DAAF2002F3786 /* Note.sqlite */; };
		4CFFD9601B1DACFB002F3786 /* libsqlite3.dylib in Frameworks */ = {isa = PBXBuildFile; fileRef = 4CFFD95F1B1DACFB002F3786 /* libsqlite3.dylib */; };
		82074FFF1AFBAF2B00F2B21A /* MCStringExtension.m in Sources */ = {isa = PBXBuildFile; fileRef = 82074FFE1AFBAF2B00F2B21A /* MCStringExtension.m */; };
		820750021AFBAFA800F2B21A /* MCDateExtension.m in Sources */ = {isa = PBXBuildFile; fileRef = 820750011AFBAFA800F2B21A /* MCDateExtension.m */; };
		821A8A371AF3CA860084139A /* main.m in Sources */ = {isa = PBXBuildFile; fileRef = 821A8A361AF3CA860084139A /* main.m */; };
		821A8A3A1AF3CA860084139A /* AppDelegate.m in Sources */ = {isa = PBXBuildFile; fileRef = 821A8A391AF3CA860084139A /* AppDelegate.m */; };
		821A8A3D1AF3CA860084139A /* ViewController.m in Sources */ = {isa = PBXBuildFile; fileRef = 821A8A3C1AF3CA860084139A /* ViewController.m */; };
		821A8A401AF3CA860084139A /* Main.storyboard in Resources */ = {isa = PBXBuildFile; fileRef = 821A8A3E1AF3CA860084139A /* Main.storyboard */; };
		821A8A421AF3CA860084139A /* Images.xcassets in Resources */ = {isa = PBXBuildFile; fileRef = 821A8A411AF3CA860084139A /* Images.xcassets */; };
		821A8A451AF3CA860084139A /* LaunchScreen.xib in Resources */ = {isa = PBXBuildFile; fileRef = 821A8A431AF3CA860084139A /* LaunchScreen.xib */; };
		821A8A511AF3CA860084139A /* NoteTests.m in Sources */ = {isa = PBXBuildFile; fileRef = 821A8A501AF3CA860084139A /* NoteTests.m */; };
		821A8A5D1AF3CA990084139A /* CoreDataManager.m in Sources */ = {isa = PBXBuildFile; fileRef = 821A8A5C1AF3CA990084139A /* CoreDataManager.m */; };
		821A8A601AF3CACC0084139A /* Note.xcdatamodeld in Sources */ = {isa = PBXBuildFile; fileRef = 821A8A5E1AF3CACC0084139A /* Note.xcdatamodeld */; };
		8231137C1AFA658300E1ED2C /* MCImageExtension.m in Sources */ = {isa = PBXBuildFile; fileRef = 8231137B1AFA658300E1ED2C /* MCImageExtension.m */; };
		82438C261AF906F5001807A1 /* MCNoteEditViewController.m in Sources */ = {isa = PBXBuildFile; fileRef = 82438C251AF906F5001807A1 /* MCNoteEditViewController.m */; };
		82438C2E1AF91914001807A1 /* Common.m in Sources */ = {isa = PBXBuildFile; fileRef = 82438C2D1AF91914001807A1 /* Common.m */; };
		82438C341AF91E57001807A1 /* MCNoteViewController.m in Sources */ = {isa = PBXBuildFile; fileRef = 82438C331AF91E57001807A1 /* MCNoteViewController.m */; };
		82438C371AF91E6D001807A1 /* MCRemindViewController.m in Sources */ = {isa = PBXBuildFile; fileRef = 82438C361AF91E6D001807A1 /* MCRemindViewController.m */; };
/* End PBXBuildFile section */

/* Begin PBXContainerItemProxy section */
		821A8A4B1AF3CA860084139A /* PBXContainerItemProxy */ = {
			isa = PBXContainerItemProxy;
			containerPortal = 821A8A291AF3CA860084139A /* Project object */;
			proxyType = 1;
			remoteGlobalIDString = 821A8A301AF3CA860084139A;
			remoteInfo = Note;
		};
/* End PBXContainerItemProxy section */

/* Begin PBXFileReference section */
		4C07217B1AFA15A600CCFD3E /* MCInputLabel.h */ = {isa = PBXFileReference; fileEncoding = 4; lastKnownFileType = sourcecode.c.h; path = MCInputLabel.h; sourceTree = "<group>"; };
		4C07217C1AFA15A600CCFD3E /* MCInputLabel.m */ = {isa = PBXFileReference; fileEncoding = 4; lastKnownFileType = sourcecode.c.objc; path = MCInputLabel.m; sourceTree = "<group>"; };
		4C07217D1AFA15A600CCFD3E /* MCLineLabel.h */ = {isa = PBXFileReference; fileEncoding = 4; lastKnownFileType = sourcecode.c.h; path = MCLineLabel.h; sourceTree = "<group>"; };
		4C07217E1AFA15A600CCFD3E /* MCLineLabel.m */ = {isa = PBXFileReference; fileEncoding = 4; lastKnownFileType = sourcecode.c.objc; path = MCLineLabel.m; sourceTree = "<group>"; };
		4C07217F1AFA15A600CCFD3E /* MCRemindEditView.h */ = {isa = PBXFileReference; fileEncoding = 4; lastKnownFileType = sourcecode.c.h; path = MCRemindEditView.h; sourceTree = "<group>"; };
		4C0721801AFA15A600CCFD3E /* MCRemindEditView.m */ = {isa = PBXFileReference; fileEncoding = 4; lastKnownFileType = sourcecode.c.objc; path = MCRemindEditView.m; sourceTree = "<group>"; };
		4C0721811AFA15A600CCFD3E /* MCTextField.h */ = {isa = PBXFileReference; fileEncoding = 4; lastKnownFileType = sourcecode.c.h; path = MCTextField.h; sourceTree = "<group>"; };
		4C0721821AFA15A600CCFD3E /* MCTextField.m */ = {isa = PBXFileReference; fileEncoding = 4; lastKnownFileType = sourcecode.c.objc; path = MCTextField.m; sourceTree = "<group>"; };
		4C8929741AF8A09700A8CF3C /* MCTextView.h */ = {isa = PBXFileReference; fileEncoding = 4; lastKnownFileType = sourcecode.c.h; path = MCTextView.h; sourceTree = "<group>"; };
		4C8929751AF8A09700A8CF3C /* MCTextView.m */ = {isa = PBXFileReference; fileEncoding = 4; lastKnownFileType = sourcecode.c.objc; path = MCTextView.m; sourceTree = "<group>"; };
		4C8929781AF8C6B300A8CF3C /* MCViewController.h */ = {isa = PBXFileReference; fileEncoding = 4; lastKnownFileType = sourcecode.c.h; path = MCViewController.h; sourceTree = "<group>"; };
		4C8929791AF8C6B300A8CF3C /* MCViewController.m */ = {isa = PBXFileReference; fileEncoding = 4; lastKnownFileType = sourcecode.c.objc; path = MCViewController.m; sourceTree = "<group>"; };
		4C89297B1AF8C6C900A8CF3C /* MCNavigationController.h */ = {isa = PBXFileReference; fileEncoding = 4; lastKnownFileType = sourcecode.c.h; path = MCNavigationController.h; sourceTree = "<group>"; };
		4C89297C1AF8C6CA00A8CF3C /* MCNavigationController.m */ = {isa = PBXFileReference; fileEncoding = 4; lastKnownFileType = sourcecode.c.objc; path = MCNavigationController.m; sourceTree = "<group>"; };
		4C89297E1AF8C6DE00A8CF3C /* MCTableViewController.h */ = {isa = PBXFileReference; fileEncoding = 4; lastKnownFileType = sourcecode.c.h; path = MCTableViewController.h; sourceTree = "<group>"; };
		4C89297F1AF8C6DE00A8CF3C /* MCTableViewController.m */ = {isa = PBXFileReference; fileEncoding = 4; lastKnownFileType = sourcecode.c.objc; path = MCTableViewController.m; sourceTree = "<group>"; };
		4C8929811AF8C6F700A8CF3C /* MCTabBarController.h */ = {isa = PBXFileReference; fileEncoding = 4; lastKnownFileType = sourcecode.c.h; path = MCTabBarController.h; sourceTree = "<group>"; };
		4C8929821AF8C6F700A8CF3C /* MCTabBarController.m */ = {isa = PBXFileReference; fileEncoding = 4; lastKnownFileType = sourcecode.c.objc; path = MCTabBarController.m; sourceTree = "<group>"; };
		4C8929841AF8C70700A8CF3C /* MCCollectionViewController.h */ = {isa = PBXFileReference; fileEncoding = 4; lastKnownFileType = sourcecode.c.h; path = MCCollectionViewController.h; sourceTree = "<group>"; };
		4C8929851AF8C70700A8CF3C /* MCCollectionViewController.m */ = {isa = PBXFileReference; fileEncoding = 4; lastKnownFileType = sourcecode.c.objc; path = MCCollectionViewController.m; sourceTree = "<group>"; };
		4CF397EB1AFB2E2300449507 /* MCDottedLineView.h */ = {isa = PBXFileReference; fileEncoding = 4; lastKnownFileType = sourcecode.c.h; path = MCDottedLineView.h; sourceTree = "<group>"; };
		4CF397EC1AFB2E2300449507 /* MCDottedLineView.m */ = {isa = PBXFileReference; fileEncoding = 4; lastKnownFileType = sourcecode.c.objc; path = MCDottedLineView.m; sourceTree = "<group>"; };
		4CF397ED1AFB2E2300449507 /* MCLineView.h */ = {isa = PBXFileReference; fileEncoding = 4; lastKnownFileType = sourcecode.c.h; path = MCLineView.h; sourceTree = "<group>"; };
		4CF397EE1AFB2E2300449507 /* MCLineView.m */ = {isa = PBXFileReference; fileEncoding = 4; lastKnownFileType = sourcecode.c.objc; path = MCLineView.m; sourceTree = "<group>"; };
		4CFFD93B1B1D9A18002F3786 /* Note.h */ = {isa = PBXFileReference; fileEncoding = 4; lastKnownFileType = sourcecode.c.h; path = Note.h; sourceTree = "<group>"; };
		4CFFD93C1B1D9A18002F3786 /* Note.m */ = {isa = PBXFileReference; fileEncoding = 4; lastKnownFileType = sourcecode.c.objc; path = Note.m; sourceTree = "<group>"; };
		4CFFD93D1B1D9A18002F3786 /* StartUp.h */ = {isa = PBXFileReference; fileEncoding = 4; lastKnownFileType = sourcecode.c.h; path = StartUp.h; sourceTree = "<group>"; };
		4CFFD93E1B1D9A18002F3786 /* StartUp.m */ = {isa = PBXFileReference; fileEncoding = 4; lastKnownFileType = sourcecode.c.objc; path = StartUp.m; sourceTree = "<group>"; };
		4CFFD9411B1D9A26002F3786 /* NoteManager.h */ = {isa = PBXFileReference; fileEncoding = 4; lastKnownFileType = sourcecode.c.h; path = NoteManager.h; sourceTree = "<group>"; };
		4CFFD9421B1D9A26002F3786 /* NoteManager.m */ = {isa = PBXFileReference; fileEncoding = 4; lastKnownFileType = sourcecode.c.objc; path = NoteManager.m; sourceTree = "<group>"; };
		4CFFD9431B1D9A26002F3786 /* SQLiteHelper.h */ = {isa = PBXFileReference; fileEncoding = 4; lastKnownFileType = sourcecode.c.h; path = SQLiteHelper.h; sourceTree = "<group>"; };
		4CFFD9441B1D9A26002F3786 /* SQLiteHelper.m */ = {isa = PBXFileReference; fileEncoding = 4; lastKnownFileType = sourcecode.c.objc; path = SQLiteHelper.m; sourceTree = "<group>"; };
		4CFFD9491B1D9A3D002F3786 /* FMDatabase.h */ = {isa = PBXFileReference; fileEncoding = 4; lastKnownFileType = sourcecode.c.h; path = FMDatabase.h; sourceTree = "<group>"; };
		4CFFD94A1B1D9A3D002F3786 /* FMDatabase.m */ = {isa = PBXFileReference; fileEncoding = 4; lastKnownFileType = sourcecode.c.objc; path = FMDatabase.m; sourceTree = "<group>"; };
		4CFFD94B1B1D9A3D002F3786 /* FMDatabaseAdditions.h */ = {isa = PBXFileReference; fileEncoding = 4; lastKnownFileType = sourcecode.c.h; path = FMDatabaseAdditions.h; sourceTree = "<group>"; };
		4CFFD94C1B1D9A3D002F3786 /* FMDatabaseAdditions.m */ = {isa = PBXFileReference; fileEncoding = 4; lastKnownFileType = sourcecode.c.objc; path = FMDatabaseAdditions.m; sourceTree = "<group>"; };
		4CFFD94D1B1D9A3D002F3786 /* FMDatabasePool.h */ = {isa = PBXFileReference; fileEncoding = 4; lastKnownFileType = sourcecode.c.h; path = FMDatabasePool.h; sourceTree = "<group>"; };
		4CFFD94E1B1D9A3D002F3786 /* FMDatabasePool.m */ = {isa = PBXFileReference; fileEncoding = 4; lastKnownFileType = sourcecode.c.objc; path = FMDatabasePool.m; sourceTree = "<group>"; };
		4CFFD94F1B1D9A3D002F3786 /* FMDatabaseQueue.h */ = {isa = PBXFileReference; fileEncoding = 4; lastKnownFileType = sourcecode.c.h; path = FMDatabaseQueue.h; sourceTree = "<group>"; };
		4CFFD9501B1D9A3D002F3786 /* FMDatabaseQueue.m */ = {isa = PBXFileReference; fileEncoding = 4; lastKnownFileType = sourcecode.c.objc; path = FMDatabaseQueue.m; sourceTree = "<group>"; };
		4CFFD9511B1D9A3D002F3786 /* FMDB.h */ = {isa = PBXFileReference; fileEncoding = 4; lastKnownFileType = sourcecode.c.h; path = FMDB.h; sourceTree = "<group>"; };
		4CFFD9521B1D9A3D002F3786 /* FMResultSet.h */ = {isa = PBXFileReference; fileEncoding = 4; lastKnownFileType = sourcecode.c.h; path = FMResultSet.h; sourceTree = "<group>"; };
		4CFFD9531B1D9A3D002F3786 /* FMResultSet.m */ = {isa = PBXFileReference; fileEncoding = 4; lastKnownFileType = sourcecode.c.objc; path = FMResultSet.m; sourceTree = "<group>"; };
		4CFFD95A1B1DAAF2002F3786 /* Note.sqlite */ = {isa = PBXFileReference; lastKnownFileType = file; path = Note.sqlite; sourceTree = "<group>"; };
		4CFFD95F1B1DACFB002F3786 /* libsqlite3.dylib */ = {isa = PBXFileReference; lastKnownFileType = "compiled.mach-o.dylib"; name = libsqlite3.dylib; path = usr/lib/libsqlite3.dylib; sourceTree = SDKROOT; };
		82074FFD1AFBAF2B00F2B21A /* MCStringExtension.h */ = {isa = PBXFileReference; fileEncoding = 4; lastKnownFileType = sourcecode.c.h; path = MCStringExtension.h; sourceTree = "<group>"; };
		82074FFE1AFBAF2B00F2B21A /* MCStringExtension.m */ = {isa = PBXFileReference; fileEncoding = 4; lastKnownFileType = sourcecode.c.objc; path = MCStringExtension.m; sourceTree = "<group>"; };
		820750001AFBAFA800F2B21A /* MCDateExtension.h */ = {isa = PBXFileReference; fileEncoding = 4; lastKnownFileType = sourcecode.c.h; path = MCDateExtension.h; sourceTree = "<group>"; };
		820750011AFBAFA800F2B21A /* MCDateExtension.m */ = {isa = PBXFileReference; fileEncoding = 4; lastKnownFileType = sourcecode.c.objc; path = MCDateExtension.m; sourceTree = "<group>"; };
		821A8A311AF3CA860084139A /* Note.app */ = {isa = PBXFileReference; explicitFileType = wrapper.application; includeInIndex = 0; path = Note.app; sourceTree = BUILT_PRODUCTS_DIR; };
		821A8A351AF3CA860084139A /* Info.plist */ = {isa = PBXFileReference; lastKnownFileType = text.plist.xml; path = Info.plist; sourceTree = "<group>"; };
		821A8A361AF3CA860084139A /* main.m */ = {isa = PBXFileReference; lastKnownFileType = sourcecode.c.objc; path = main.m; sourceTree = "<group>"; };
		821A8A381AF3CA860084139A /* AppDelegate.h */ = {isa = PBXFileReference; lastKnownFileType = sourcecode.c.h; path = AppDelegate.h; sourceTree = "<group>"; };
		821A8A391AF3CA860084139A /* AppDelegate.m */ = {isa = PBXFileReference; lastKnownFileType = sourcecode.c.objc; path = AppDelegate.m; sourceTree = "<group>"; };
		821A8A3B1AF3CA860084139A /* ViewController.h */ = {isa = PBXFileReference; lastKnownFileType = sourcecode.c.h; path = ViewController.h; sourceTree = "<group>"; };
		821A8A3C1AF3CA860084139A /* ViewController.m */ = {isa = PBXFileReference; lastKnownFileType = sourcecode.c.objc; path = ViewController.m; sourceTree = "<group>"; };
		821A8A3F1AF3CA860084139A /* Base */ = {isa = PBXFileReference; lastKnownFileType = file.storyboard; name = Base; path = Base.lproj/Main.storyboard; sourceTree = "<group>"; };
		821A8A411AF3CA860084139A /* Images.xcassets */ = {isa = PBXFileReference; lastKnownFileType = folder.assetcatalog; path = Images.xcassets; sourceTree = "<group>"; };
		821A8A441AF3CA860084139A /* Base */ = {isa = PBXFileReference; lastKnownFileType = file.xib; name = Base; path = Base.lproj/LaunchScreen.xib; sourceTree = "<group>"; };
		821A8A4A1AF3CA860084139A /* NoteTests.xctest */ = {isa = PBXFileReference; explicitFileType = wrapper.cfbundle; includeInIndex = 0; path = NoteTests.xctest; sourceTree = BUILT_PRODUCTS_DIR; };
		821A8A4F1AF3CA860084139A /* Info.plist */ = {isa = PBXFileReference; lastKnownFileType = text.plist.xml; path = Info.plist; sourceTree = "<group>"; };
		821A8A501AF3CA860084139A /* NoteTests.m */ = {isa = PBXFileReference; lastKnownFileType = sourcecode.c.objc; path = NoteTests.m; sourceTree = "<group>"; };
		821A8A5B1AF3CA990084139A /* CoreDataManager.h */ = {isa = PBXFileReference; fileEncoding = 4; lastKnownFileType = sourcecode.c.h; path = CoreDataManager.h; sourceTree = "<group>"; };
		821A8A5C1AF3CA990084139A /* CoreDataManager.m */ = {isa = PBXFileReference; fileEncoding = 4; lastKnownFileType = sourcecode.c.objc; path = CoreDataManager.m; sourceTree = "<group>"; };
		821A8A5F1AF3CACC0084139A /* Note.xcdatamodel */ = {isa = PBXFileReference; lastKnownFileType = wrapper.xcdatamodel; path = Note.xcdatamodel; sourceTree = "<group>"; };
		8231137A1AFA658300E1ED2C /* MCImageExtension.h */ = {isa = PBXFileReference; fileEncoding = 4; lastKnownFileType = sourcecode.c.h; path = MCImageExtension.h; sourceTree = "<group>"; };
		8231137B1AFA658300E1ED2C /* MCImageExtension.m */ = {isa = PBXFileReference; fileEncoding = 4; lastKnownFileType = sourcecode.c.objc; path = MCImageExtension.m; sourceTree = "<group>"; };
		82438C241AF906F5001807A1 /* MCNoteEditViewController.h */ = {isa = PBXFileReference; fileEncoding = 4; lastKnownFileType = sourcecode.c.h; path = MCNoteEditViewController.h; sourceTree = "<group>"; };
		82438C251AF906F5001807A1 /* MCNoteEditViewController.m */ = {isa = PBXFileReference; fileEncoding = 4; lastKnownFileType = sourcecode.c.objc; path = MCNoteEditViewController.m; sourceTree = "<group>"; };
		82438C2C1AF91914001807A1 /* Common.h */ = {isa = PBXFileReference; fileEncoding = 4; lastKnownFileType = sourcecode.c.h; path = Common.h; sourceTree = "<group>"; };
		82438C2D1AF91914001807A1 /* Common.m */ = {isa = PBXFileReference; fileEncoding = 4; lastKnownFileType = sourcecode.c.objc; path = Common.m; sourceTree = "<group>"; };
		82438C321AF91E57001807A1 /* MCNoteViewController.h */ = {isa = PBXFileReference; fileEncoding = 4; lastKnownFileType = sourcecode.c.h; path = MCNoteViewController.h; sourceTree = "<group>"; };
		82438C331AF91E57001807A1 /* MCNoteViewController.m */ = {isa = PBXFileReference; fileEncoding = 4; lastKnownFileType = sourcecode.c.objc; path = MCNoteViewController.m; sourceTree = "<group>"; };
		82438C351AF91E6D001807A1 /* MCRemindViewController.h */ = {isa = PBXFileReference; fileEncoding = 4; lastKnownFileType = sourcecode.c.h; path = MCRemindViewController.h; sourceTree = "<group>"; };
		82438C361AF91E6D001807A1 /* MCRemindViewController.m */ = {isa = PBXFileReference; fileEncoding = 4; lastKnownFileType = sourcecode.c.objc; path = MCRemindViewController.m; sourceTree = "<group>"; };
/* End PBXFileReference section */

/* Begin PBXFrameworksBuildPhase section */
		821A8A2E1AF3CA860084139A /* Frameworks */ = {
			isa = PBXFrameworksBuildPhase;
			buildActionMask = 2147483647;
			files = (
				4CFFD9601B1DACFB002F3786 /* libsqlite3.dylib in Frameworks */,
			);
			runOnlyForDeploymentPostprocessing = 0;
		};
		821A8A471AF3CA860084139A /* Frameworks */ = {
			isa = PBXFrameworksBuildPhase;
			buildActionMask = 2147483647;
			files = (
			);
			runOnlyForDeploymentPostprocessing = 0;
		};
/* End PBXFrameworksBuildPhase section */

/* Begin PBXGroup section */
		4C8929731AF8A09700A8CF3C /* Views */ = {
			isa = PBXGroup;
			children = (
				4CF397EB1AFB2E2300449507 /* MCDottedLineView.h */,
				4CF397EC1AFB2E2300449507 /* MCDottedLineView.m */,
				4CF397ED1AFB2E2300449507 /* MCLineView.h */,
				4CF397EE1AFB2E2300449507 /* MCLineView.m */,
				4C07217B1AFA15A600CCFD3E /* MCInputLabel.h */,
				4C07217C1AFA15A600CCFD3E /* MCInputLabel.m */,
				4C07217D1AFA15A600CCFD3E /* MCLineLabel.h */,
				4C07217E1AFA15A600CCFD3E /* MCLineLabel.m */,
				4C07217F1AFA15A600CCFD3E /* MCRemindEditView.h */,
				4C0721801AFA15A600CCFD3E /* MCRemindEditView.m */,
				4C0721811AFA15A600CCFD3E /* MCTextField.h */,
				4C0721821AFA15A600CCFD3E /* MCTextField.m */,
				4C8929741AF8A09700A8CF3C /* MCTextView.h */,
				4C8929751AF8A09700A8CF3C /* MCTextView.m */,
			);
			path = Views;
			sourceTree = "<group>";
		};
		4C8929771AF8C6A100A8CF3C /* Controllers */ = {
			isa = PBXGroup;
			children = (
				82438C231AF906C6001807A1 /* Base */,
				82438C241AF906F5001807A1 /* MCNoteEditViewController.h */,
				82438C251AF906F5001807A1 /* MCNoteEditViewController.m */,
				82438C321AF91E57001807A1 /* MCNoteViewController.h */,
				82438C331AF91E57001807A1 /* MCNoteViewController.m */,
				82438C351AF91E6D001807A1 /* MCRemindViewController.h */,
				82438C361AF91E6D001807A1 /* MCRemindViewController.m */,
			);
			path = Controllers;
			sourceTree = "<group>";
		};
		4CFFD93A1B1D9A09002F3786 /* Models */ = {
			isa = PBXGroup;
			children = (
				4CFFD93B1B1D9A18002F3786 /* Note.h */,
				4CFFD93C1B1D9A18002F3786 /* Note.m */,
				4CFFD93D1B1D9A18002F3786 /* StartUp.h */,
				4CFFD93E1B1D9A18002F3786 /* StartUp.m */,
			);
			path = Models;
			sourceTree = "<group>";
		};
		4CFFD9471B1D9A36002F3786 /* Depends */ = {
			isa = PBXGroup;
			children = (
				4CFFD9481B1D9A3D002F3786 /* fmdb */,
			);
			path = Depends;
			sourceTree = "<group>";
		};
		4CFFD9481B1D9A3D002F3786 /* fmdb */ = {
			isa = PBXGroup;
			children = (
				4CFFD9491B1D9A3D002F3786 /* FMDatabase.h */,
				4CFFD94A1B1D9A3D002F3786 /* FMDatabase.m */,
				4CFFD94B1B1D9A3D002F3786 /* FMDatabaseAdditions.h */,
				4CFFD94C1B1D9A3D002F3786 /* FMDatabaseAdditions.m */,
				4CFFD94D1B1D9A3D002F3786 /* FMDatabasePool.h */,
				4CFFD94E1B1D9A3D002F3786 /* FMDatabasePool.m */,
				4CFFD94F1B1D9A3D002F3786 /* FMDatabaseQueue.h */,
				4CFFD9501B1D9A3D002F3786 /* FMDatabaseQueue.m */,
				4CFFD9511B1D9A3D002F3786 /* FMDB.h */,
				4CFFD9521B1D9A3D002F3786 /* FMResultSet.h */,
				4CFFD9531B1D9A3D002F3786 /* FMResultSet.m */,
			);
			path = fmdb;
			sourceTree = "<group>";
		};
		4CFFD9591B1DAAF2002F3786 /* DB */ = {
			isa = PBXGroup;
			children = (
				4CFFD95A1B1DAAF2002F3786 /* Note.sqlite */,
			);
			path = DB;
			sourceTree = "<group>";
		};
		4CFFD95C1B1DACB8002F3786 /* Frameworks */ = {
			isa = PBXGroup;
			children = (
				4CFFD95F1B1DACFB002F3786 /* libsqlite3.dylib */,
			);
			name = Frameworks;
			sourceTree = "<group>";
		};
		821A8A281AF3CA860084139A = {
			isa = PBXGroup;
			children = (
				821A8A331AF3CA860084139A /* Note */,
				821A8A4D1AF3CA860084139A /* NoteTests */,
				4CFFD95C1B1DACB8002F3786 /* Frameworks */,
				821A8A321AF3CA860084139A /* Products */,
			);
			sourceTree = "<group>";
		};
		821A8A321AF3CA860084139A /* Products */ = {
			isa = PBXGroup;
			children = (
				821A8A311AF3CA860084139A /* Note.app */,
				821A8A4A1AF3CA860084139A /* NoteTests.xctest */,
			);
			name = Products;
			sourceTree = "<group>";
		};
		821A8A331AF3CA860084139A /* Note */ = {
			isa = PBXGroup;
			children = (
				4CFFD9591B1DAAF2002F3786 /* DB */,
				4CFFD9471B1D9A36002F3786 /* Depends */,
				4CFFD93A1B1D9A09002F3786 /* Models */,
				82438C2A1AF91842001807A1 /* Helper */,
				4C8929771AF8C6A100A8CF3C /* Controllers */,
				4C8929731AF8A09700A8CF3C /* Views */,
				821A8A5A1AF3CA990084139A /* CoreData */,
				821A8A381AF3CA860084139A /* AppDelegate.h */,
				821A8A391AF3CA860084139A /* AppDelegate.m */,
				821A8A3B1AF3CA860084139A /* ViewController.h */,
				821A8A3C1AF3CA860084139A /* ViewController.m */,
				821A8A3E1AF3CA860084139A /* Main.storyboard */,
				821A8A411AF3CA860084139A /* Images.xcassets */,
				821A8A431AF3CA860084139A /* LaunchScreen.xib */,
				821A8A341AF3CA860084139A /* Supporting Files */,
			);
			path = Note;
			sourceTree = "<group>";
		};
		821A8A341AF3CA860084139A /* Supporting Files */ = {
			isa = PBXGroup;
			children = (
				821A8A351AF3CA860084139A /* Info.plist */,
				821A8A361AF3CA860084139A /* main.m */,
			);
			name = "Supporting Files";
			sourceTree = "<group>";
		};
		821A8A4D1AF3CA860084139A /* NoteTests */ = {
			isa = PBXGroup;
			children = (
				821A8A501AF3CA860084139A /* NoteTests.m */,
				821A8A4E1AF3CA860084139A /* Supporting Files */,
			);
			path = NoteTests;
			sourceTree = "<group>";
		};
		821A8A4E1AF3CA860084139A /* Supporting Files */ = {
			isa = PBXGroup;
			children = (
				821A8A4F1AF3CA860084139A /* Info.plist */,
			);
			name = "Supporting Files";
			sourceTree = "<group>";
		};
		821A8A5A1AF3CA990084139A /* CoreData */ = {
			isa = PBXGroup;
			children = (
				821A8A5E1AF3CACC0084139A /* Note.xcdatamodeld */,
				821A8A5B1AF3CA990084139A /* CoreDataManager.h */,
				821A8A5C1AF3CA990084139A /* CoreDataManager.m */,
			);
			path = CoreData;
			sourceTree = "<group>";
		};
		82438C231AF906C6001807A1 /* Base */ = {
			isa = PBXGroup;
			children = (
				4C8929781AF8C6B300A8CF3C /* MCViewController.h */,
				4C8929791AF8C6B300A8CF3C /* MCViewController.m */,
				4C89297B1AF8C6C900A8CF3C /* MCNavigationController.h */,
				4C89297C1AF8C6CA00A8CF3C /* MCNavigationController.m */,
				4C89297E1AF8C6DE00A8CF3C /* MCTableViewController.h */,
				4C89297F1AF8C6DE00A8CF3C /* MCTableViewController.m */,
				4C8929811AF8C6F700A8CF3C /* MCTabBarController.h */,
				4C8929821AF8C6F700A8CF3C /* MCTabBarController.m */,
				4C8929841AF8C70700A8CF3C /* MCCollectionViewController.h */,
				4C8929851AF8C70700A8CF3C /* MCCollectionViewController.m */,
			);
			name = Base;
			sourceTree = "<group>";
		};
		82438C2A1AF91842001807A1 /* Helper */ = {
			isa = PBXGroup;
			children = (
				4CFFD9411B1D9A26002F3786 /* NoteManager.h */,
				4CFFD9421B1D9A26002F3786 /* NoteManager.m */,
				4CFFD9431B1D9A26002F3786 /* SQLiteHelper.h */,
				4CFFD9441B1D9A26002F3786 /* SQLiteHelper.m */,
				8231137A1AFA658300E1ED2C /* MCImageExtension.h */,
				8231137B1AFA658300E1ED2C /* MCImageExtension.m */,
				82438C2C1AF91914001807A1 /* Common.h */,
				82438C2D1AF91914001807A1 /* Common.m */,
				82074FFD1AFBAF2B00F2B21A /* MCStringExtension.h */,
				82074FFE1AFBAF2B00F2B21A /* MCStringExtension.m */,
				820750001AFBAFA800F2B21A /* MCDateExtension.h */,
				820750011AFBAFA800F2B21A /* MCDateExtension.m */,
			);
			path = Helper;
			sourceTree = "<group>";
		};
/* End PBXGroup section */

/* Begin PBXNativeTarget section */
		821A8A301AF3CA860084139A /* Note */ = {
			isa = PBXNativeTarget;
			buildConfigurationList = 821A8A541AF3CA860084139A /* Build configuration list for PBXNativeTarget "Note" */;
			buildPhases = (
				821A8A2D1AF3CA860084139A /* Sources */,
				821A8A2E1AF3CA860084139A /* Frameworks */,
				821A8A2F1AF3CA860084139A /* Resources */,
			);
			buildRules = (
			);
			dependencies = (
			);
			name = Note;
			productName = Note;
			productReference = 821A8A311AF3CA860084139A /* Note.app */;
			productType = "com.apple.product-type.application";
		};
		821A8A491AF3CA860084139A /* NoteTests */ = {
			isa = PBXNativeTarget;
			buildConfigurationList = 821A8A571AF3CA860084139A /* Build configuration list for PBXNativeTarget "NoteTests" */;
			buildPhases = (
				821A8A461AF3CA860084139A /* Sources */,
				821A8A471AF3CA860084139A /* Frameworks */,
				821A8A481AF3CA860084139A /* Resources */,
			);
			buildRules = (
			);
			dependencies = (
				821A8A4C1AF3CA860084139A /* PBXTargetDependency */,
			);
			name = NoteTests;
			productName = NoteTests;
			productReference = 821A8A4A1AF3CA860084139A /* NoteTests.xctest */;
			productType = "com.apple.product-type.bundle.unit-test";
		};
/* End PBXNativeTarget section */

/* Begin PBXProject section */
		821A8A291AF3CA860084139A /* Project object */ = {
			isa = PBXProject;
			attributes = {
				LastUpgradeCheck = 0630;
				ORGANIZATIONNAME = Mingle;
				TargetAttributes = {
					821A8A301AF3CA860084139A = {
						CreatedOnToolsVersion = 6.3.1;
					};
					821A8A491AF3CA860084139A = {
						CreatedOnToolsVersion = 6.3.1;
						TestTargetID = 821A8A301AF3CA860084139A;
					};
				};
			};
			buildConfigurationList = 821A8A2C1AF3CA860084139A /* Build configuration list for PBXProject "Note" */;
			compatibilityVersion = "Xcode 3.2";
			developmentRegion = English;
			hasScannedForEncodings = 0;
			knownRegions = (
				en,
				Base,
			);
			mainGroup = 821A8A281AF3CA860084139A;
			productRefGroup = 821A8A321AF3CA860084139A /* Products */;
			projectDirPath = "";
			projectRoot = "";
			targets = (
				821A8A301AF3CA860084139A /* Note */,
				821A8A491AF3CA860084139A /* NoteTests */,
			);
		};
/* End PBXProject section */

/* Begin PBXResourcesBuildPhase section */
		821A8A2F1AF3CA860084139A /* Resources */ = {
			isa = PBXResourcesBuildPhase;
			buildActionMask = 2147483647;
			files = (
				821A8A401AF3CA860084139A /* Main.storyboard in Resources */,
				4CFFD95B1B1DAAF2002F3786 /* Note.sqlite in Resources */,
				821A8A451AF3CA860084139A /* LaunchScreen.xib in Resources */,
				821A8A421AF3CA860084139A /* Images.xcassets in Resources */,
			);
			runOnlyForDeploymentPostprocessing = 0;
		};
		821A8A481AF3CA860084139A /* Resources */ = {
			isa = PBXResourcesBuildPhase;
			buildActionMask = 2147483647;
			files = (
			);
			runOnlyForDeploymentPostprocessing = 0;
		};
/* End PBXResourcesBuildPhase section */

/* Begin PBXSourcesBuildPhase section */
		821A8A2D1AF3CA860084139A /* Sources */ = {
			isa = PBXSourcesBuildPhase;
			buildActionMask = 2147483647;
			files = (
				4CFFD93F1B1D9A18002F3786 /* Note.m in Sources */,
				4C89297A1AF8C6B300A8CF3C /* MCViewController.m in Sources */,
				82438C371AF91E6D001807A1 /* MCRemindViewController.m in Sources */,
				821A8A3D1AF3CA860084139A /* ViewController.m in Sources */,
				82438C341AF91E57001807A1 /* MCNoteViewController.m in Sources */,
				4CF397EF1AFB2E2300449507 /* MCDottedLineView.m in Sources */,
				4C8929761AF8A09700A8CF3C /* MCTextView.m in Sources */,
				4CF397F01AFB2E2300449507 /* MCLineView.m in Sources */,
				4CFFD9541B1D9A3D002F3786 /* FMDatabase.m in Sources */,
				8231137C1AFA658300E1ED2C /* MCImageExtension.m in Sources */,
				820750021AFBAFA800F2B21A /* MCDateExtension.m in Sources */,
				4CFFD9451B1D9A26002F3786 /* NoteManager.m in Sources */,
				4C8929801AF8C6DE00A8CF3C /* MCTableViewController.m in Sources */,
				82438C261AF906F5001807A1 /* MCNoteEditViewController.m in Sources */,
				4CFFD9561B1D9A3D002F3786 /* FMDatabasePool.m in Sources */,
				4C0721851AFA15A600CCFD3E /* MCRemindEditView.m in Sources */,
				821A8A601AF3CACC0084139A /* Note.xcdatamodeld in Sources */,
				82438C2E1AF91914001807A1 /* Common.m in Sources */,
				4C0721841AFA15A600CCFD3E /* MCLineLabel.m in Sources */,
				4C0721831AFA15A600CCFD3E /* MCInputLabel.m in Sources */,
				821A8A3A1AF3CA860084139A /* AppDelegate.m in Sources */,
				821A8A5D1AF3CA990084139A /* CoreDataManager.m in Sources */,
				4C8929861AF8C70700A8CF3C /* MCCollectionViewController.m in Sources */,
				4C0721861AFA15A600CCFD3E /* MCTextField.m in Sources */,
				4CFFD9401B1D9A18002F3786 /* StartUp.m in Sources */,
				4CFFD9571B1D9A3D002F3786 /* FMDatabaseQueue.m in Sources */,
				4CFFD9461B1D9A26002F3786 /* SQLiteHelper.m in Sources */,
				82074FFF1AFBAF2B00F2B21A /* MCStringExtension.m in Sources */,
				4C8929831AF8C6F700A8CF3C /* MCTabBarController.m in Sources */,
				821A8A371AF3CA860084139A /* main.m in Sources */,
				4CFFD9581B1D9A3D002F3786 /* FMResultSet.m in Sources */,
				4C89297D1AF8C6CA00A8CF3C /* MCNavigationController.m in Sources */,
				4CFFD9551B1D9A3D002F3786 /* FMDatabaseAdditions.m in Sources */,
			);
			runOnlyForDeploymentPostprocessing = 0;
		};
		821A8A461AF3CA860084139A /* Sources */ = {
			isa = PBXSourcesBuildPhase;
			buildActionMask = 2147483647;
			files = (
				821A8A511AF3CA860084139A /* NoteTests.m in Sources */,
			);
			runOnlyForDeploymentPostprocessing = 0;
		};
/* End PBXSourcesBuildPhase section */

/* Begin PBXTargetDependency section */
		821A8A4C1AF3CA860084139A /* PBXTargetDependency */ = {
			isa = PBXTargetDependency;
			target = 821A8A301AF3CA860084139A /* Note */;
			targetProxy = 821A8A4B1AF3CA860084139A /* PBXContainerItemProxy */;
		};
/* End PBXTargetDependency section */

/* Begin PBXVariantGroup section */
		821A8A3E1AF3CA860084139A /* Main.storyboard */ = {
			isa = PBXVariantGroup;
			children = (
				821A8A3F1AF3CA860084139A /* Base */,
			);
			name = Main.storyboard;
			sourceTree = "<group>";
		};
		821A8A431AF3CA860084139A /* LaunchScreen.xib */ = {
			isa = PBXVariantGroup;
			children = (
				821A8A441AF3CA860084139A /* Base */,
			);
			name = LaunchScreen.xib;
			sourceTree = "<group>";
		};
/* End PBXVariantGroup section */

/* Begin XCBuildConfiguration section */
		821A8A521AF3CA860084139A /* Debug */ = {
			isa = XCBuildConfiguration;
			buildSettings = {
				ALWAYS_SEARCH_USER_PATHS = NO;
				CLANG_CXX_LANGUAGE_STANDARD = "gnu++0x";
				CLANG_CXX_LIBRARY = "libc++";
				CLANG_ENABLE_MODULES = YES;
				CLANG_ENABLE_OBJC_ARC = YES;
				CLANG_WARN_BOOL_CONVERSION = YES;
				CLANG_WARN_CONSTANT_CONVERSION = YES;
				CLANG_WARN_DIRECT_OBJC_ISA_USAGE = YES_ERROR;
				CLANG_WARN_EMPTY_BODY = YES;
				CLANG_WARN_ENUM_CONVERSION = YES;
				CLANG_WARN_INT_CONVERSION = YES;
				CLANG_WARN_OBJC_ROOT_CLASS = YES_ERROR;
				CLANG_WARN_UNREACHABLE_CODE = YES;
				CLANG_WARN__DUPLICATE_METHOD_MATCH = YES;
				"CODE_SIGN_IDENTITY[sdk=iphoneos*]" = "iPhone Developer";
				COPY_PHASE_STRIP = NO;
				DEBUG_INFORMATION_FORMAT = "dwarf-with-dsym";
				ENABLE_STRICT_OBJC_MSGSEND = YES;
				GCC_C_LANGUAGE_STANDARD = gnu99;
				GCC_DYNAMIC_NO_PIC = NO;
				GCC_NO_COMMON_BLOCKS = YES;
				GCC_OPTIMIZATION_LEVEL = 0;
				GCC_PREPROCESSOR_DEFINITIONS = (
					"DEBUG=1",
					"$(inherited)",
				);
				GCC_SYMBOLS_PRIVATE_EXTERN = NO;
				GCC_WARN_64_TO_32_BIT_CONVERSION = YES;
				GCC_WARN_ABOUT_RETURN_TYPE = YES_ERROR;
				GCC_WARN_UNDECLARED_SELECTOR = YES;
				GCC_WARN_UNINITIALIZED_AUTOS = YES_AGGRESSIVE;
				GCC_WARN_UNUSED_FUNCTION = YES;
				GCC_WARN_UNUSED_VARIABLE = YES;
				IPHONEOS_DEPLOYMENT_TARGET = 8.3;
				MTL_ENABLE_DEBUG_INFO = YES;
				ONLY_ACTIVE_ARCH = YES;
				SDKROOT = iphoneos;
			};
			name = Debug;
		};
		821A8A531AF3CA860084139A /* Release */ = {
			isa = XCBuildConfiguration;
			buildSettings = {
				ALWAYS_SEARCH_USER_PATHS = NO;
				CLANG_CXX_LANGUAGE_STANDARD = "gnu++0x";
				CLANG_CXX_LIBRARY = "libc++";
				CLANG_ENABLE_MODULES = YES;
				CLANG_ENABLE_OBJC_ARC = YES;
				CLANG_WARN_BOOL_CONVERSION = YES;
				CLANG_WARN_CONSTANT_CONVERSION = YES;
				CLANG_WARN_DIRECT_OBJC_ISA_USAGE = YES_ERROR;
				CLANG_WARN_EMPTY_BODY = YES;
				CLANG_WARN_ENUM_CONVERSION = YES;
				CLANG_WARN_INT_CONVERSION = YES;
				CLANG_WARN_OBJC_ROOT_CLASS = YES_ERROR;
				CLANG_WARN_UNREACHABLE_CODE = YES;
				CLANG_WARN__DUPLICATE_METHOD_MATCH = YES;
				"CODE_SIGN_IDENTITY[sdk=iphoneos*]" = "iPhone Developer";
				COPY_PHASE_STRIP = NO;
				DEBUG_INFORMATION_FORMAT = "dwarf-with-dsym";
				ENABLE_NS_ASSERTIONS = NO;
				ENABLE_STRICT_OBJC_MSGSEND = YES;
				GCC_C_LANGUAGE_STANDARD = gnu99;
				GCC_NO_COMMON_BLOCKS = YES;
				GCC_WARN_64_TO_32_BIT_CONVERSION = YES;
				GCC_WARN_ABOUT_RETURN_TYPE = YES_ERROR;
				GCC_WARN_UNDECLARED_SELECTOR = YES;
				GCC_WARN_UNINITIALIZED_AUTOS = YES_AGGRESSIVE;
				GCC_WARN_UNUSED_FUNCTION = YES;
				GCC_WARN_UNUSED_VARIABLE = YES;
				IPHONEOS_DEPLOYMENT_TARGET = 8.3;
				MTL_ENABLE_DEBUG_INFO = NO;
				SDKROOT = iphoneos;
				VALIDATE_PRODUCT = YES;
			};
			name = Release;
		};
		821A8A551AF3CA860084139A /* Debug */ = {
			isa = XCBuildConfiguration;
			buildSettings = {
				ASSETCATALOG_COMPILER_APPICON_NAME = AppIcon;
				INFOPLIST_FILE = Note/Info.plist;
				IPHONEOS_DEPLOYMENT_TARGET = 8.0;
				LD_RUNPATH_SEARCH_PATHS = "$(inherited) @executable_path/Frameworks";
				PRODUCT_NAME = "$(TARGET_NAME)";
			};
			name = Debug;
		};
		821A8A561AF3CA860084139A /* Release */ = {
			isa = XCBuildConfiguration;
			buildSettings = {
				ASSETCATALOG_COMPILER_APPICON_NAME = AppIcon;
				INFOPLIST_FILE = Note/Info.plist;
				IPHONEOS_DEPLOYMENT_TARGET = 8.0;
				LD_RUNPATH_SEARCH_PATHS = "$(inherited) @executable_path/Frameworks";
				PRODUCT_NAME = "$(TARGET_NAME)";
			};
			name = Release;
		};
		821A8A581AF3CA860084139A /* Debug */ = {
			isa = XCBuildConfiguration;
			buildSettings = {
				BUNDLE_LOADER = "$(TEST_HOST)";
				FRAMEWORK_SEARCH_PATHS = (
					"$(SDKROOT)/Developer/Library/Frameworks",
					"$(inherited)",
				);
				GCC_PREPROCESSOR_DEFINITIONS = (
					"DEBUG=1",
					"$(inherited)",
				);
				INFOPLIST_FILE = NoteTests/Info.plist;
				LD_RUNPATH_SEARCH_PATHS = "$(inherited) @executable_path/Frameworks @loader_path/Frameworks";
				PRODUCT_NAME = "$(TARGET_NAME)";
				TEST_HOST = "$(BUILT_PRODUCTS_DIR)/Note.app/Note";
			};
			name = Debug;
		};
		821A8A591AF3CA860084139A /* Release */ = {
			isa = XCBuildConfiguration;
			buildSettings = {
				BUNDLE_LOADER = "$(TEST_HOST)";
				FRAMEWORK_SEARCH_PATHS = (
					"$(SDKROOT)/Developer/Library/Frameworks",
					"$(inherited)",
				);
				INFOPLIST_FILE = NoteTests/Info.plist;
				LD_RUNPATH_SEARCH_PATHS = "$(inherited) @executable_path/Frameworks @loader_path/Frameworks";
				PRODUCT_NAME = "$(TARGET_NAME)";
				TEST_HOST = "$(BUILT_PRODUCTS_DIR)/Note.app/Note";
			};
			name = Release;
		};
/* End XCBuildConfiguration section */

/* Begin XCConfigurationList section */
		821A8A2C1AF3CA860084139A /* Build configuration list for PBXProject "Note" */ = {
			isa = XCConfigurationList;
			buildConfigurations = (
				821A8A521AF3CA860084139A /* Debug */,
				821A8A531AF3CA860084139A /* Release */,
			);
			defaultConfigurationIsVisible = 0;
			defaultConfigurationName = Release;
		};
		821A8A541AF3CA860084139A /* Build configuration list for PBXNativeTarget "Note" */ = {
			isa = XCConfigurationList;
			buildConfigurations = (
				821A8A551AF3CA860084139A /* Debug */,
				821A8A561AF3CA860084139A /* Release */,
			);
			defaultConfigurationIsVisible = 0;
			defaultConfigurationName = Release;
		};
		821A8A571AF3CA860084139A /* Build configuration list for PBXNativeTarget "NoteTests" */ = {
			isa = XCConfigurationList;
			buildConfigurations = (
				821A8A581AF3CA860084139A /* Debug */,
				821A8A591AF3CA860084139A /* Release */,
			);
			defaultConfigurationIsVisible = 0;
			defaultConfigurationName = Release;
		};
/* End XCConfigurationList section */

/* Begin XCVersionGroup section */
		821A8A5E1AF3CACC0084139A /* Note.xcdatamodeld */ = {
			isa = XCVersionGroup;
			children = (
				821A8A5F1AF3CACC0084139A /* Note.xcdatamodel */,
			);
			currentVersion = 821A8A5F1AF3CACC0084139A /* Note.xcdatamodel */;
			path = Note.xcdatamodeld;
			sourceTree = "<group>";
			versionGroupType = wrapper.xcdatamodel;
		};
/* End XCVersionGroup section */
	};
	rootObject = 821A8A291AF3CA860084139A /* Project object */;
}
